[[package]]
category = "main"
description = "Python 3.4 Enum backported to 3.3, 3.2, 3.1, 2.7, 2.6, 2.5, and 2.4"
name = "enum34"
optional = false
python-versions = "*"
version = "1.1.6"

[[package]]
category = "main"
description = "lightweight wrapper around basic LLVM functionality"
name = "llvmlite"
optional = false
python-versions = "*"
version = "0.26.0"

[package.dependencies]
enum34 = "*"

[[package]]
category = "main"
description = "compiling Python code using LLVM"
name = "numba"
optional = false
python-versions = "*"
version = "0.41.0"

[package.dependencies]
llvmlite = ">=0.26.0dev0"
numpy = "*"

[[package]]
category = "main"
description = "NumPy: array processing for numbers, strings, records, and objects."
name = "numpy"
optional = false
python-versions = ">=2.7,!=3.0.*,!=3.1.*,!=3.2.*,!=3.3.*"
version = "1.15.4"

[[package]]
category = "main"
description = "Python Imaging Library (Fork)"
name = "pillow"
optional = false
python-versions = ">=2.7, !=3.0.*, !=3.1.*, !=3.2.*, !=3.3.*"
version = "5.3.0"

[metadata]
content-hash = "c0b7fd9ea342f9dc3eac7bc7922a96757ecd1d3e531e7806d3774bd426fa5ef4"
python-versions = "^3.6"

[metadata.hashes]
enum34 = ["2d81cbbe0e73112bdfe6ef8576f2238f2ba27dd0d55752a776c41d38b7da2850", "644837f692e5f550741432dd3f223bbb9852018674981b1664e5dc339387588a", "6bd0f6ad48ec2aa117d3d141940d484deccda84d4fcd884f5c3d93c23ecd8c79", "8ad8c4783bf61ded74527bffb48ed9b54166685e4230386a9ed9b1279e2df5b1"]
llvmlite = ["02ef5d4070693f9bd5cc849ba281fffeecd74a0e774e685741992a2e184e28bd", "0468ebf4b4161c076e8fce07a313405034bd11abc7133947b647fd0a8059efa6", "13e84fe6ebb0667233074b429fd44955f309dead3161ec89d9169145dbad2ebf", "1d28e0f10ac4222bd79a83914d2efc03e8d8d79b1c7246c83f30f66465c8963c", "1db76486373ed11df98f8641bcd95fe78e80aaef2e351013032bf33828067d11", "2438499c6a4c120b8562dc2a0376055ff6f3685cb0ea24a6e01e0991483ba974", "24e7ba80a4dc4aa89d6f0062928d1b3dd4c6c3ff137d76909f57b89972b673ca", "3554a558e5977bdbbc172c13b4055f24cb985f85557205fb44e231e96eeaddeb", "4648e1511a2095ea0b1f43f624348f1fcc73d33581d3f7fdbfea6ead2ca05dba", "6bec9380dec3f56ab7f0b8ea2ccd09ce051e4d378489e95cd09778f1809adcfd", "75b15a7568dcec83136f5ac80adff9e9c450f554995a3c43e7e1c4c766ad4c76", "7861e89052f91d670050692e87459840179629978e3189aa2b6fb8685eace98c", "84e72bda0d397263ffdb1982a2b764c3f479e1302aa59f92fb636f2215d1fee0", "8cc0278bef8ef70b487452ee8d15adf18412997018bf807370f128535fde80c0", "a4eff8ed50de51d88dd745bae24a74415915f128a250c01a22f12e6ff9e44be9", "ad3b9d4e127d5b5f6993788732e9a4a6aa7a5451106c35eab61d7f3a63974c3d", "c2a96175f0e0fe385a79b103073017cff046357eccde1849885a4d5871839965", "cab1f4e4e84c22968eb959a24708a2dd29c25cb10a696eabda21cea8d84ca146", "cd0d530c72d423176f6ea4a2d7b098252bb4547ed2c7e09686ff3283878dbd0a", "d209142c89fc83fc79674454ad5b861d5d62af6670d0694384502f7151b3ae8f", "f1d1112f5fe9f5f3e03d74adf16ac436d7988af048949e27f9e10d3ea79e2596"]
numba = ["14247be3c0d852176c19acd216ef0224ab5ed78c0ed2d6778b88b0891d390133", "144f94fdb5c07c3c4256b67123584afd895e93cd8014092ef6d27c33c2b11b88", "149d7a793cc84b9dc755fadbcae36cac4d3832be0c8e2da0c0144404138d3edc", "16c43363d320ca2f4200e4d0ce4476586a0f7a2966c6befd0fef8bc265ae2249", "2334d46f23de4603bcd64e7d9c5a16ea5ff69ee755bf9731a438de1084913ea6", "3191f81d8dd0f842c1d7078bee1b8bb23389c06208533af42e394c9266600766", "4919251b64a577f4daa882a642989604045ec4617a517320a0e93724c0942c74", "4dd4b85d95eb5aa0ade5117db82c5d9298da0c48bdce451a4bc5912754fa1d24", "89c1c4f79824f05f21cad7168df6a7d900ca468a168007ca29f18f0f6addeabd", "8a759bdc165893fb8776c109a4d61165d6e077ec4ee6aca8c463949645596184", "8c435a0b066355dce354ba730aed254eb9163e12a1b978a7b5d50783337125c2", "a3bac80779d5af2cd66e961e01a1ddbffca109e9c7284950c3f27088b6b29127", "b5e0e2991a14e67ff538b060f405a2a0aa7745b4be29068f7b8f2dbc79adc0c8", "bbbc861191eab4be880b4e0c8f4e670e356c29ca31afaa160638ffe78c7cf17f", "c967a9625452f0e4bf5599e53fafc62a23da464abfd007d98a126a7a27d96598", "e1d907de47e3810ac7ad1620c8350eb6a85a73088e71648e1fe24968143a7877", "e95fe55e7841f2049e8f3013e1ee5c99d75481384a21454a2489b84779a2da13", "f1fb4c97d66d0da5190c7f4dfb0ed9befa13f914c04408919e26e72ba72d6d16", "f4f9571314397e985b59746604d11f20d9da7c78d58af19c07db173277373b71", "f8eceec96bc3084234c718229340a577a1d283b2a85995febd91f7bc8e0a564e", "ff42295c687d89d7ed5b70ce933967ac439bff8a680fbe8b1f45355308849869"]
numpy = ["0df89ca13c25eaa1621a3f09af4c8ba20da849692dcae184cb55e80952c453fb", "154c35f195fd3e1fad2569930ca51907057ae35e03938f89a8aedae91dd1b7c7", "18e84323cdb8de3325e741a7a8dd4a82db74fde363dce32b625324c7b32aa6d7", "1e8956c37fc138d65ded2d96ab3949bd49038cc6e8a4494b1515b0ba88c91565", "23557bdbca3ccbde3abaa12a6e82299bc92d2b9139011f8c16ca1bb8c75d1e95", "24fd645a5e5d224aa6e39d93e4a722fafa9160154f296fd5ef9580191c755053", "36e36b6868e4440760d4b9b44587ea1dc1f06532858d10abba98e851e154ca70", "3d734559db35aa3697dadcea492a423118c5c55d176da2f3be9c98d4803fc2a7", "416a2070acf3a2b5d586f9a6507bb97e33574df5bd7508ea970bbf4fc563fa52", "4a22dc3f5221a644dfe4a63bf990052cc674ef12a157b1056969079985c92816", "4d8d3e5aa6087490912c14a3c10fbdd380b40b421c13920ff468163bc50e016f", "4f41fd159fba1245e1958a99d349df49c616b133636e0cf668f169bce2aeac2d", "561ef098c50f91fbac2cc9305b68c915e9eb915a74d9038ecf8af274d748f76f", "56994e14b386b5c0a9b875a76d22d707b315fa037affc7819cda08b6d0489756", "73a1f2a529604c50c262179fcca59c87a05ff4614fe8a15c186934d84d09d9a5", "7da99445fd890206bfcc7419f79871ba8e73d9d9e6b82fe09980bc5bb4efc35f", "99d59e0bcadac4aa3280616591fb7bcd560e2218f5e31d5223a2e12a1425d495", "a4cc09489843c70b22e8373ca3dfa52b3fab778b57cf81462f1203b0852e95e3", "a61dc29cfca9831a03442a21d4b5fd77e3067beca4b5f81f1a89a04a71cf93fa", "b1853df739b32fa913cc59ad9137caa9cc3d97ff871e2bbd89c2a2a1d4a69451", "b1f44c335532c0581b77491b7715a871d0dd72e97487ac0f57337ccf3ab3469b", "b261e0cb0d6faa8fd6863af26d30351fd2ffdb15b82e51e81e96b9e9e2e7ba16", "c857ae5dba375ea26a6228f98c195fec0898a0fd91bcf0e8a0cae6d9faf3eca7", "cf5bb4a7d53a71bb6a0144d31df784a973b36d8687d615ef6a7e9b1809917a9b", "db9814ff0457b46f2e1d494c1efa4111ca089e08c8b983635ebffb9c1573361f", "df04f4bad8a359daa2ff74f8108ea051670cafbca533bb2636c58b16e962989e", "ecf81720934a0e18526177e645cbd6a8a21bb0ddc887ff9738de07a1df5c6b61", "edfa6fba9157e0e3be0f40168eb142511012683ac3dc82420bee4a3f3981b30e"]
pillow = ["00203f406818c3f45d47bb8fe7e67d3feddb8dcbbd45a289a1de7dd789226360", "0616f800f348664e694dddb0b0c88d26761dd5e9f34e1ed7b7a7d2da14b40cb7", "091136f2a37e9ed6bd8ce96fbf5269199ba6edee490d64de7ac934316f31ecca", "0d67ae9a5937b1348fa1d97c7dcb6b56aaef828ca6655298e96f2f3114ad829d", "0e1aaddd00ee9014fe7a61b9da61427233fcd7c7f193b5efd6689e0ec36bc42f", "1f7908aab90c92ad85af9d2fec5fc79456a89b3adcc26314d2cde0e238bd789e", "2ea3517cd5779843de8a759c2349a3cd8d3893e03ab47053b66d5ec6f8bc4f93", "39b662f65a067709a62943003c1e807d140e7fcf631fcfc66ebe905f8149b9f4", "3ddc19447cf42ef3ec564ab7ebbd4f67838ba9816d739befe29dd70149c775bd", "48a9f0538c91fc136b3a576bee0e7cd174773dc9920b310c21dcb5519722e82c", "5280ebc42641a1283b7b1f2c20e5b936692198b9dd9995527c18b794850be1a8", "576a8a7a57065dab968d9d18befa2594a7673dcdab78c9b1f34248410cc6118f", "5e334a23c8f7cb6079987a2ed9978821a42b4323a3a3bdbc132945348737f9a9", "5e34e4b5764af65551647f5cc67cf5198c1d05621781d5173b342e5e55bf023b", "63b120421ab85cad909792583f83b6ca3584610c2fe70751e23f606a3c2e87f0", "696b5e0109fe368d0057f484e2e91717b49a03f1e310f857f133a4acec9f91dd", "6cb528de694f503ea164541c151da6c18267727a7558e0c9716cc0383d89658a", "7306d851d5a0cfac9ea07f1177783836f4b37292e5f224a534a52111cb6a6451", "7e3e32346d991f1788026917d0a9c182d6d32dc757163eee7ca990f1f831499e", "870ed021a42b1b02b5fe4a739ea735f671a84128c0a666c705db2cb9abd528eb", "916da1c19e4012d06a372127d7140dae894806fad67ef44330e5600d77833581", "9303a289fa0811e1c6abd9ddebfc770556d7c3311cb2b32eff72164ddc49bc64", "9577888ecc0ad7d06c3746afaba339c94d62b59da16f7a5d1cff9e491f23dace", "987e1c94a33c93d9b209315bfda9faa54b8edfce6438a1e93ae866ba20de5956", "99a3bbdbb844f4fb5d6dd59fac836a40749781c1fa63c563bc216c27aef63f60", "99db8dc3097ceafbcff9cb2bff384b974795edeb11d167d391a02c7bfeeb6e16", "a379526415f54f9462bc65a4da76fb0acc05e3b2a21717dde79621cf4377e0e6", "a5a96cf49eb580756a44ecf12949e52f211e20bffbf5a95760ac14b1e499cd37", "a844b5d8120f99fb7cd276ff544ac5bd562b0c053760d59694e6bf747c6ca7f5", "a9284368e81a67a7f47d5ef1ef7e4f11a4f688485879f44cf5f9090bba1f9d94", "aa6ca3eb56704cdc0d876fc6047ffd5ee960caad52452fbee0f99908a141a0ae", "aade5e66795c94e4a2b2624affeea8979648d1b0ae3fcee17e74e2c647fc4a8a", "b78905860336c1d292409e3df6ad39cc1f1c7f0964e66844bbc2ebfca434d073", "b92f521cdc4e4a3041cc343625b699f20b0b5f976793fb45681aac1efda565f8", "bb2baf44e97811687893873eab8cf9f18b40321cc15d15ff9f91dc031e30631f", "bfde84bbd6ae5f782206d454b67b7ee8f7f818c29b99fd02bf022fd33bab14cb", "c2b62d3df80e694c0e4a0ed47754c9480521e25642251b3ab1dff050a4e60409", "c55d348c1c65896c1bd804527de4880d251ae832acf90d74ad525bb79e77d55c", "c5e2be6c263b64f6f7656e23e18a4a9980cffc671442795682e8c4e4f815dd9f", "c99aa3c63104e0818ec566f8ff3942fb7c7a8f35f9912cb63fd8e12318b214b2", "dae06620d3978da346375ebf88b9e2dd7d151335ba668c995aea9ed07af7add4", "db5499d0710823fa4fb88206050d46544e8f0e0136a9a5f5570b026584c8fd74", "dcd3cd17d291e01e47636101c4a6638ffb44c842d009973e3b5c1b67ff718c58", "f12df6b45abc18f27f6e21ce26f7cbf7aa19820911462e46536e22085658ca1e", "f36baafd82119c4a114b9518202f2a983819101dcc14b26e43fc12cbefdce00e", "f52b79c8796d81391ab295b04e520bda6feed54d54931708872e8f9ae9db0ea1", "fa2a50f762d06d84125db0b95d0121e9c640afa7edc23fc0848896760a390f8e", "fa49bb60792b542b95ca93a39041e7113843093ce3cfd216870118eb3798fcc9", "ff8cff01582fa1a7e533cb97f628531c4014af4b5f38e33cdcfe5eec29b6d888", "ffbccfe1c077b5f41738bd719518213c217be7a7a12a7e74113d05a0d6617390"]
